
Microsoft Visual Studio Solution File, Format Version 12.00
# Visual Studio Version 17
VisualStudioVersion = 17.2.32602.215
MinimumVisualStudioVersion = 10.0.40219.1
Project("{FAE04EC0-301F-11D3-BF4B-00C04F79EFBC}") = "MvcMovie", "MvcMovie\MvcMovie.csproj", "{9366A125-C503-4A27-AB7B-9BD66B5599A0}"
EndProject
Global
	GlobalSection(SolutionConfigurationPlatforms) = preSolution
		Debug|Any CPU = Debug|Any CPU
		Release|Any CPU = Release|Any CPU
	EndGlobalSection
	GlobalSection(ProjectConfigurationPlatforms) = postSolution
		{9366A125-C503-4A27-AB7B-9BD66B5599A0}.Debug|Any CPU.ActiveCfg = Debug|Any CPU
		{9366A125-C503-4A27-AB7B-9BD66B5599A0}.Debug|Any CPU.Build.0 = Debug|Any CPU
		{9366A125-C503-4A27-AB7B-9BD66B5599A0}.Release|Any CPU.ActiveCfg = Release|Any CPU
		{9366A125-C503-4A27-AB7B-9BD66B5599A0}.Release|Any CPU.Build.0 = Release|Any CPU
	EndGlobalSection
	GlobalSection(SolutionProperties) = preSolution
		HideSolutionNode = FALSE
	EndGlobalSection
	GlobalSection(ExtensibilityGlobals) = postSolution
		SolutionGuid = {51650BA4-6DB0-4884-9B87-D8885BF89878}
	EndGlobalSection
EndGlobal
